
Microsoft Visual Studio Solution File, Format Version 11.00
# Visual Studio 2010
Project("{FAE04EC0-301F-11D3-BF4B-00C04F79EFBC}") = "PhotonUnityNetworking.Demos", "PhotonUnityNetworking.Demos.csproj", "{7DBD81A2-3146-6526-F025-CC0AEA3DC3C3}"
EndProject
Project("{FAE04EC0-301F-11D3-BF4B-00C04F79EFBC}") = "PhotonUnityNetworking.Utilities", "PhotonUnityNetworking.Utilities.csproj", "{02CFD61E-3589-3437-B8C7-F5BD800415B2}"
EndProject
Project("{FAE04EC0-301F-11D3-BF4B-00C04F79EFBC}") = "Assembly-CSharp", "Assembly-CSharp.csproj", "{F49B1497-2C4E-2E57-D70E-113F94F92830}"
EndProject
Project("{FAE04EC0-301F-11D3-BF4B-00C04F79EFBC}") = "BitpackersASMDEF", "BitpackersASMDEF.csproj", "{B3856F59-E338-E91D-F39D-26D6D489674E}"
EndProject
Project("{FAE04EC0-301F-11D3-BF4B-00C04F79EFBC}") = "EmoCompressUtilsASMDEF", "EmoCompressUtilsASMDEF.csproj", "{73DCBEE1-BA1D-71D2-642B-E8BB54C7BAA2}"
EndProject
Project("{FAE04EC0-301F-11D3-BF4B-00C04F79EFBC}") = "PhotonChat", "PhotonChat.csproj", "{6E319575-262A-0F65-1C51-1A984298245C}"
EndProject
Project("{FAE04EC0-301F-11D3-BF4B-00C04F79EFBC}") = "PhotonUnityNetworking", "PhotonUnityNetworking.csproj", "{82C9A38C-A2B9-9DA8-2AD7-C2C4DCCC44C8}"
EndProject
Project("{FAE04EC0-301F-11D3-BF4B-00C04F79EFBC}") = "PhotonRealtime", "PhotonRealtime.csproj", "{F32EA52D-1731-B061-1457-C882844F8C84}"
EndProject
Project("{FAE04EC0-301F-11D3-BF4B-00C04F79EFBC}") = "HalfFloatASMDEF", "HalfFloatASMDEF.csproj", "{7F135478-32C7-DF7F-D08A-0B8AB82E14E0}"
EndProject
Project("{FAE04EC0-301F-11D3-BF4B-00C04F79EFBC}") = "Assembly-CSharp-Editor", "Assembly-CSharp-Editor.csproj", "{A92DF1D9-06DA-F42B-4C74-96F7B711BBCB}"
EndProject
Project("{FAE04EC0-301F-11D3-BF4B-00C04F79EFBC}") = "PhotonUnityNetworking.Editor", "PhotonUnityNetworking.Editor.csproj", "{74B5A0FC-ED9C-290A-B5DD-768304755D65}"
EndProject
Project("{FAE04EC0-301F-11D3-BF4B-00C04F79EFBC}") = "PunDemos.DemoHubEditor", "PunDemos.DemoHubEditor.csproj", "{2E3CABDA-D935-103C-99B6-F2557F9954A3}"
EndProject
Project("{FAE04EC0-301F-11D3-BF4B-00C04F79EFBC}") = "PhotonUnityNetworking.Utilities.PhotonPlayer.Editor", "PhotonUnityNetworking.Utilities.PhotonPlayer.Editor.csproj", "{29B53421-4A44-26A5-0782-3F351DD881FD}"
EndProject
Project("{FAE04EC0-301F-11D3-BF4B-00C04F79EFBC}") = "PhotonUnityNetworking.Utilities.Culling.Editor", "PhotonUnityNetworking.Utilities.Culling.Editor.csproj", "{23302B13-FA39-D35D-587D-347BEC1AB9A5}"
EndProject
Project("{FAE04EC0-301F-11D3-BF4B-00C04F79EFBC}") = "PunDemos.DemoSlotcarEditor", "PunDemos.DemoSlotcarEditor.csproj", "{4D897DB6-E2AB-76AD-566A-F5ABBCDF9082}"
EndProject
Global
	GlobalSection(SolutionConfigurationPlatforms) = preSolution
		Debug|Any CPU = Debug|Any CPU
		Release|Any CPU = Release|Any CPU
	EndGlobalSection
	GlobalSection(ProjectConfigurationPlatforms) = postSolution
		{7DBD81A2-3146-6526-F025-CC0AEA3DC3C3}.Debug|Any CPU.ActiveCfg = Debug|Any CPU
		{7DBD81A2-3146-6526-F025-CC0AEA3DC3C3}.Debug|Any CPU.Build.0 = Debug|Any CPU
		{7DBD81A2-3146-6526-F025-CC0AEA3DC3C3}.Release|Any CPU.ActiveCfg = Release|Any CPU
		{7DBD81A2-3146-6526-F025-CC0AEA3DC3C3}.Release|Any CPU.Build.0 = Release|Any CPU
		{02CFD61E-3589-3437-B8C7-F5BD800415B2}.Debug|Any CPU.ActiveCfg = Debug|Any CPU
		{02CFD61E-3589-3437-B8C7-F5BD800415B2}.Debug|Any CPU.Build.0 = Debug|Any CPU
		{02CFD61E-3589-3437-B8C7-F5BD800415B2}.Release|Any CPU.ActiveCfg = Release|Any CPU
		{02CFD61E-3589-3437-B8C7-F5BD800415B2}.Release|Any CPU.Build.0 = Release|Any CPU
		{F49B1497-2C4E-2E57-D70E-113F94F92830}.Debug|Any CPU.ActiveCfg = Debug|Any CPU
		{F49B1497-2C4E-2E57-D70E-113F94F92830}.Debug|Any CPU.Build.0 = Debug|Any CPU
		{F49B1497-2C4E-2E57-D70E-113F94F92830}.Release|Any CPU.ActiveCfg = Release|Any CPU
		{F49B1497-2C4E-2E57-D70E-113F94F92830}.Release|Any CPU.Build.0 = Release|Any CPU
		{B3856F59-E338-E91D-F39D-26D6D489674E}.Debug|Any CPU.ActiveCfg = Debug|Any CPU
		{B3856F59-E338-E91D-F39D-26D6D489674E}.Debug|Any CPU.Build.0 = Debug|Any CPU
		{B3856F59-E338-E91D-F39D-26D6D489674E}.Release|Any CPU.ActiveCfg = Release|Any CPU
		{B3856F59-E338-E91D-F39D-26D6D489674E}.Release|Any CPU.Build.0 = Release|Any CPU
		{73DCBEE1-BA1D-71D2-642B-E8BB54C7BAA2}.Debug|Any CPU.ActiveCfg = Debug|Any CPU
		{73DCBEE1-BA1D-71D2-642B-E8BB54C7BAA2}.Debug|Any CPU.Build.0 = Debug|Any CPU
		{73DCBEE1-BA1D-71D2-642B-E8BB54C7BAA2}.Release|Any CPU.ActiveCfg = Release|Any CPU
		{73DCBEE1-BA1D-71D2-642B-E8BB54C7BAA2}.Release|Any CPU.Build.0 = Release|Any CPU
		{6E319575-262A-0F65-1C51-1A984298245C}.Debug|Any CPU.ActiveCfg = Debug|Any CPU
		{6E319575-262A-0F65-1C51-1A984298245C}.Debug|Any CPU.Build.0 = Debug|Any CPU
		{6E319575-262A-0F65-1C51-1A984298245C}.Release|Any CPU.ActiveCfg = Release|Any CPU
		{6E319575-262A-0F65-1C51-1A984298245C}.Release|Any CPU.Build.0 = Release|Any CPU
		{82C9A38C-A2B9-9DA8-2AD7-C2C4DCCC44C8}.Debug|Any CPU.ActiveCfg = Debug|Any CPU
		{82C9A38C-A2B9-9DA8-2AD7-C2C4DCCC44C8}.Debug|Any CPU.Build.0 = Debug|Any CPU
		{82C9A38C-A2B9-9DA8-2AD7-C2C4DCCC44C8}.Release|Any CPU.ActiveCfg = Release|Any CPU
		{82C9A38C-A2B9-9DA8-2AD7-C2C4DCCC44C8}.Release|Any CPU.Build.0 = Release|Any CPU
		{F32EA52D-1731-B061-1457-C882844F8C84}.Debug|Any CPU.ActiveCfg = Debug|Any CPU
		{F32EA52D-1731-B061-1457-C882844F8C84}.Debug|Any CPU.Build.0 = Debug|Any CPU
		{F32EA52D-1731-B061-1457-C882844F8C84}.Release|Any CPU.ActiveCfg = Release|Any CPU
		{F32EA52D-1731-B061-1457-C882844F8C84}.Release|Any CPU.Build.0 = Release|Any CPU
		{7F135478-32C7-DF7F-D08A-0B8AB82E14E0}.Debug|Any CPU.ActiveCfg = Debug|Any CPU
		{7F135478-32C7-DF7F-D08A-0B8AB82E14E0}.Debug|Any CPU.Build.0 = Debug|Any CPU
		{7F135478-32C7-DF7F-D08A-0B8AB82E14E0}.Release|Any CPU.ActiveCfg = Release|Any CPU
		{7F135478-32C7-DF7F-D08A-0B8AB82E14E0}.Release|Any CPU.Build.0 = Release|Any CPU
		{A92DF1D9-06DA-F42B-4C74-96F7B711BBCB}.Debug|Any CPU.ActiveCfg = Debug|Any CPU
		{A92DF1D9-06DA-F42B-4C74-96F7B711BBCB}.Debug|Any CPU.Build.0 = Debug|Any CPU
		{A92DF1D9-06DA-F42B-4C74-96F7B711BBCB}.Release|Any CPU.ActiveCfg = Release|Any CPU
		{A92DF1D9-06DA-F42B-4C74-96F7B711BBCB}.Release|Any CPU.Build.0 = Release|Any CPU
		{74B5A0FC-ED9C-290A-B5DD-768304755D65}.Debug|Any CPU.ActiveCfg = Debug|Any CPU
		{74B5A0FC-ED9C-290A-B5DD-768304755D65}.Debug|Any CPU.Build.0 = Debug|Any CPU
		{74B5A0FC-ED9C-290A-B5DD-768304755D65}.Release|Any CPU.ActiveCfg = Release|Any CPU
		{74B5A0FC-ED9C-290A-B5DD-768304755D65}.Release|Any CPU.Build.0 = Release|Any CPU
		{2E3CABDA-D935-103C-99B6-F2557F9954A3}.Debug|Any CPU.ActiveCfg = Debug|Any CPU
		{2E3CABDA-D935-103C-99B6-F2557F9954A3}.Debug|Any CPU.Build.0 = Debug|Any CPU
		{2E3CABDA-D935-103C-99B6-F2557F9954A3}.Release|Any CPU.ActiveCfg = Release|Any CPU
		{2E3CABDA-D935-103C-99B6-F2557F9954A3}.Release|Any CPU.Build.0 = Release|Any CPU
		{29B53421-4A44-26A5-0782-3F351DD881FD}.Debug|Any CPU.ActiveCfg = Debug|Any CPU
		{29B53421-4A44-26A5-0782-3F351DD881FD}.Debug|Any CPU.Build.0 = Debug|Any CPU
		{29B53421-4A44-26A5-0782-3F351DD881FD}.Release|Any CPU.ActiveCfg = Release|Any CPU
		{29B53421-4A44-26A5-0782-3F351DD881FD}.Release|Any CPU.Build.0 = Release|Any CPU
		{23302B13-FA39-D35D-587D-347BEC1AB9A5}.Debug|Any CPU.ActiveCfg = Debug|Any CPU
		{23302B13-FA39-D35D-587D-347BEC1AB9A5}.Debug|Any CPU.Build.0 = Debug|Any CPU
		{23302B13-FA39-D35D-587D-347BEC1AB9A5}.Release|Any CPU.ActiveCfg = Release|Any CPU
		{23302B13-FA39-D35D-587D-347BEC1AB9A5}.Release|Any CPU.Build.0 = Release|Any CPU
		{4D897DB6-E2AB-76AD-566A-F5ABBCDF9082}.Debug|Any CPU.ActiveCfg = Debug|Any CPU
		{4D897DB6-E2AB-76AD-566A-F5ABBCDF9082}.Debug|Any CPU.Build.0 = Debug|Any CPU
		{4D897DB6-E2AB-76AD-566A-F5ABBCDF9082}.Release|Any CPU.ActiveCfg = Release|Any CPU
		{4D897DB6-E2AB-76AD-566A-F5ABBCDF9082}.Release|Any CPU.Build.0 = Release|Any CPU
	EndGlobalSection
	GlobalSection(SolutionProperties) = preSolution
		HideSolutionNode = FALSE
	EndGlobalSection
EndGlobal
